<?xml version="1.0" encoding="utf-8"?>
<Project ToolsVersion="4.0" xmlns="http://schemas.microsoft.com/developer/msbuild/2003">
  <ItemGroup>
    <Filter Include="Resource Files">
      <UniqueIdentifier>{67DA6AB6-F800-4c08-8B7A-83BB121AAD01}</UniqueIdentifier>
      <Extensions>rc;ico;cur;bmp;dlg;rc2;rct;bin;rgs;gif;jpg;jpeg;jpe;resx;tiff;tif;png;wav;mfcribbon-ms</Extensions>
    </Filter>
    <Filter Include="Header Files">
      <UniqueIdentifier>{6ea4b8e1-8579-408b-83d5-28c1a4315c23}</UniqueIdentifier>
    </Filter>
    <Filter Include="Source Files">
      <UniqueIdentifier>{949dce51-cae1-4739-8387-7bd42d7bca0b}</UniqueIdentifier>
    </Filter>
  </ItemGroup>
  <ItemGroup>
    <ClCompile Include="VModelData.cpp" />
    <ClCompile Include="ColladaLoader.cpp" />
    <ClCompile Include="ColladaDoc.cpp" />
    <ClCompile Include="..\GLEngine\GLData.cpp">
      <Filter>Source Files</Filter>
    </ClCompile>
    <ClCompile Include="..\GLEngine\GLEngine.cpp">
      <Filter>Source Files</Filter>
    </ClCompile>
    <ClCompile Include="..\GLEngine\GLEntity.cpp">
      <Filter>Source Files</Filter>
    </ClCompile>
    <ClCompile Include="..\GLEngine\GLModel.cpp">
      <Filter>Source Files</Filter>
    </ClCompile>
    <ClCompile Include="..\GLEngine\GLMotionController.cpp">
      <Filter>Source Files</Filter>
    </ClCompile>
    <ClCompile Include="..\GLEngine\GLShader.cpp">
      <Filter>Source Files</Filter>
    </ClCompile>
    <ClCompile Include="..\GLEngine\Logging.cpp">
      <Filter>Source Files</Filter>
    </ClCompile>
    <ClCompile Include="..\GLEngine\String.cpp">
      <Filter>Source Files</Filter>
    </ClCompile>
  </ItemGroup>
  <ItemGroup>
    <ClInclude Include="ColladaLoader.h" />
    <ClInclude Include="ColladaDoc.h" />
    <ClInclude Include="VModelData.h" />
    <ClInclude Include="..\GLEngine\GLData.h">
      <Filter>Header Files</Filter>
    </ClInclude>
    <ClInclude Include="..\GLEngine\GLEngine.h">
      <Filter>Header Files</Filter>
    </ClInclude>
    <ClInclude Include="..\GLEngine\GLEntity.h">
      <Filter>Header Files</Filter>
    </ClInclude>
    <ClInclude Include="..\GLEngine\GLModel.h">
      <Filter>Header Files</Filter>
    </ClInclude>
    <ClInclude Include="..\GLEngine\GLMotionController.h">
      <Filter>Header Files</Filter>
    </ClInclude>
    <ClInclude Include="..\GLEngine\GLShader.h">
      <Filter>Header Files</Filter>
    </ClInclude>
    <ClInclude Include="..\GLEngine\Library.h">
      <Filter>Header Files</Filter>
    </ClInclude>
    <ClInclude Include="..\GLEngine\Logging.h">
      <Filter>Header Files</Filter>
    </ClInclude>
    <ClInclude Include="..\GLEngine\String.h">
      <Filter>Header Files</Filter>
    </ClInclude>
  </ItemGroup>
</Project>